
Microsoft Visual Studio Solution File, Format Version 12.00
# Visual Studio Version 16
VisualStudioVersion = 16.0.30717.126
MinimumVisualStudioVersion = 10.0.40219.1
Project("{FAE04EC0-301F-11D3-BF4B-00C04F79EFBC}") = "CookBook", "CookBook\CookBook.csproj", "{67809D3E-8C7C-4430-8F39-16FE84AA5D32}"
EndProject
Global
	GlobalSection(SolutionConfigurationPlatforms) = preSolution
		Debug|Any CPU = Debug|Any CPU
		Release|Any CPU = Release|Any CPU
	EndGlobalSection
	GlobalSection(ProjectConfigurationPlatforms) = postSolution
		{67809D3E-8C7C-4430-8F39-16FE84AA5D32}.Debug|Any CPU.ActiveCfg = Debug|Any CPU
		{67809D3E-8C7C-4430-8F39-16FE84AA5D32}.Debug|Any CPU.Build.0 = Debug|Any CPU
		{67809D3E-8C7C-4430-8F39-16FE84AA5D32}.Release|Any CPU.ActiveCfg = Release|Any CPU
		{67809D3E-8C7C-4430-8F39-16FE84AA5D32}.Release|Any CPU.Build.0 = Release|Any CPU
	EndGlobalSection
	GlobalSection(SolutionProperties) = preSolution
		HideSolutionNode = FALSE
	EndGlobalSection
	GlobalSection(ExtensibilityGlobals) = postSolution
		SolutionGuid = {D3E8D2C2-2AB7-403B-8912-717FAC702D35}
	EndGlobalSection
EndGlobal
